
Microsoft Visual Studio Solution File, Format Version 12.00
# Visual Studio 2015
Project("{FAE04EC0-301F-11D3-BF4B-00C04F79EFBC}") = "Substitute.CSharp.Plugins", "Substitute.CSharp.Plugins.csproj", "{C22C8F74-5589-E639-5716-A9A8F06FE09D}"
EndProject
Project("{FAE04EC0-301F-11D3-BF4B-00C04F79EFBC}") = "Substitute.CSharp", "Substitute.CSharp.csproj", "{C299D04E-45F5-2492-F3B3-E01A8B690372}"
EndProject
Project("{FAE04EC0-301F-11D3-BF4B-00C04F79EFBC}") = "Substitute.CSharp.Editor", "Substitute.CSharp.Editor.csproj", "{851A560A-9DAA-C2C4-B00A-1DA527AE0B73}"
EndProject
Global
	GlobalSection(SolutionConfigurationPlatforms) = preSolution
		Debug|Any CPU = Debug|Any CPU
		Release|Any CPU = Release|Any CPU
	EndGlobalSection
	GlobalSection(ProjectConfigurationPlatforms) = postSolution
		{C22C8F74-5589-E639-5716-A9A8F06FE09D}.Debug|Any CPU.ActiveCfg = Debug|Any CPU
		{C22C8F74-5589-E639-5716-A9A8F06FE09D}.Debug|Any CPU.Build.0 = Debug|Any CPU
		{C22C8F74-5589-E639-5716-A9A8F06FE09D}.Release|Any CPU.ActiveCfg = Release|Any CPU
		{C22C8F74-5589-E639-5716-A9A8F06FE09D}.Release|Any CPU.Build.0 = Release|Any CPU
		{C299D04E-45F5-2492-F3B3-E01A8B690372}.Debug|Any CPU.ActiveCfg = Debug|Any CPU
		{C299D04E-45F5-2492-F3B3-E01A8B690372}.Debug|Any CPU.Build.0 = Debug|Any CPU
		{C299D04E-45F5-2492-F3B3-E01A8B690372}.Release|Any CPU.ActiveCfg = Release|Any CPU
		{C299D04E-45F5-2492-F3B3-E01A8B690372}.Release|Any CPU.Build.0 = Release|Any CPU
		{851A560A-9DAA-C2C4-B00A-1DA527AE0B73}.Debug|Any CPU.ActiveCfg = Debug|Any CPU
		{851A560A-9DAA-C2C4-B00A-1DA527AE0B73}.Debug|Any CPU.Build.0 = Debug|Any CPU
		{851A560A-9DAA-C2C4-B00A-1DA527AE0B73}.Release|Any CPU.ActiveCfg = Release|Any CPU
		{851A560A-9DAA-C2C4-B00A-1DA527AE0B73}.Release|Any CPU.Build.0 = Release|Any CPU
	EndGlobalSection
	GlobalSection(SolutionProperties) = preSolution
		HideSolutionNode = FALSE
	EndGlobalSection
EndGlobal
