
Microsoft Visual Studio Solution File, Format Version 12.00
# Visual Studio 2015
Project("{FAE04EC0-301F-11D3-BF4B-00C04F79EFBC}") = "vr_BuildBash.CSharp.Plugins", "vr_BuildBash.CSharp.Plugins.csproj", "{FEB790BB-0F2B-A72C-E46D-5F0231BEC5FA}"
EndProject
Project("{FAE04EC0-301F-11D3-BF4B-00C04F79EFBC}") = "vr_BuildBash.CSharp", "vr_BuildBash.CSharp.csproj", "{43F245DB-BA06-F48A-530D-545C1BE82E0D}"
EndProject
Project("{FAE04EC0-301F-11D3-BF4B-00C04F79EFBC}") = "vr_BuildBash.CSharp.Editor", "vr_BuildBash.CSharp.Editor.csproj", "{21C83F77-DA59-224B-881C-59FE048EECC3}"
EndProject
Global
	GlobalSection(SolutionConfigurationPlatforms) = preSolution
		Debug|Any CPU = Debug|Any CPU
		Release|Any CPU = Release|Any CPU
	EndGlobalSection
	GlobalSection(ProjectConfigurationPlatforms) = postSolution
		{FEB790BB-0F2B-A72C-E46D-5F0231BEC5FA}.Debug|Any CPU.ActiveCfg = Debug|Any CPU
		{FEB790BB-0F2B-A72C-E46D-5F0231BEC5FA}.Debug|Any CPU.Build.0 = Debug|Any CPU
		{FEB790BB-0F2B-A72C-E46D-5F0231BEC5FA}.Release|Any CPU.ActiveCfg = Release|Any CPU
		{FEB790BB-0F2B-A72C-E46D-5F0231BEC5FA}.Release|Any CPU.Build.0 = Release|Any CPU
		{43F245DB-BA06-F48A-530D-545C1BE82E0D}.Debug|Any CPU.ActiveCfg = Debug|Any CPU
		{43F245DB-BA06-F48A-530D-545C1BE82E0D}.Debug|Any CPU.Build.0 = Debug|Any CPU
		{43F245DB-BA06-F48A-530D-545C1BE82E0D}.Release|Any CPU.ActiveCfg = Release|Any CPU
		{43F245DB-BA06-F48A-530D-545C1BE82E0D}.Release|Any CPU.Build.0 = Release|Any CPU
		{21C83F77-DA59-224B-881C-59FE048EECC3}.Debug|Any CPU.ActiveCfg = Debug|Any CPU
		{21C83F77-DA59-224B-881C-59FE048EECC3}.Debug|Any CPU.Build.0 = Debug|Any CPU
		{21C83F77-DA59-224B-881C-59FE048EECC3}.Release|Any CPU.ActiveCfg = Release|Any CPU
		{21C83F77-DA59-224B-881C-59FE048EECC3}.Release|Any CPU.Build.0 = Release|Any CPU
	EndGlobalSection
	GlobalSection(SolutionProperties) = preSolution
		HideSolutionNode = FALSE
	EndGlobalSection
EndGlobal
