
Microsoft Visual Studio Solution File, Format Version 12.00
# Visual Studio 2015
Project("{FAE04EC0-301F-11D3-BF4B-00C04F79EFBC}") = "Swamp JIg.CSharp", "Swamp JIg.CSharp.csproj", "{3425EA01-EFBD-C2C2-F09C-A887BAAFE1E1}"
EndProject
Global
	GlobalSection(SolutionConfigurationPlatforms) = preSolution
		Debug|Any CPU = Debug|Any CPU
		Release|Any CPU = Release|Any CPU
	EndGlobalSection
	GlobalSection(ProjectConfigurationPlatforms) = postSolution
		{3425EA01-EFBD-C2C2-F09C-A887BAAFE1E1}.Debug|Any CPU.ActiveCfg = Debug|Any CPU
		{3425EA01-EFBD-C2C2-F09C-A887BAAFE1E1}.Debug|Any CPU.Build.0 = Debug|Any CPU
		{3425EA01-EFBD-C2C2-F09C-A887BAAFE1E1}.Release|Any CPU.ActiveCfg = Release|Any CPU
		{3425EA01-EFBD-C2C2-F09C-A887BAAFE1E1}.Release|Any CPU.Build.0 = Release|Any CPU
	EndGlobalSection
	GlobalSection(SolutionProperties) = preSolution
		HideSolutionNode = FALSE
	EndGlobalSection
EndGlobal
