
Microsoft Visual Studio Solution File, Format Version 12.00
# Visual Studio 14
VisualStudioVersion = 14.0.24720.0
MinimumVisualStudioVersion = 10.0.40219.1
Project("{8BC9CEB8-8B4A-11D0-8D11-00A0C91BC942}") = "OpenGL_Window", "OpenGL_Window\OpenGL_Window.vcxproj", "{697790BC-7991-45EA-B181-A501753C863E}"
EndProject
Global
	GlobalSection(SolutionConfigurationPlatforms) = preSolution
		Debug|x64 = Debug|x64
		Debug|x86 = Debug|x86
		Release|x64 = Release|x64
		Release|x86 = Release|x86
	EndGlobalSection
	GlobalSection(ProjectConfigurationPlatforms) = postSolution
		{697790BC-7991-45EA-B181-A501753C863E}.Debug|x64.ActiveCfg = Debug|x64
		{697790BC-7991-45EA-B181-A501753C863E}.Debug|x64.Build.0 = Debug|x64
		{697790BC-7991-45EA-B181-A501753C863E}.Debug|x86.ActiveCfg = Debug|Win32
		{697790BC-7991-45EA-B181-A501753C863E}.Debug|x86.Build.0 = Debug|Win32
		{697790BC-7991-45EA-B181-A501753C863E}.Release|x64.ActiveCfg = Release|x64
		{697790BC-7991-45EA-B181-A501753C863E}.Release|x64.Build.0 = Release|x64
		{697790BC-7991-45EA-B181-A501753C863E}.Release|x86.ActiveCfg = Release|Win32
		{697790BC-7991-45EA-B181-A501753C863E}.Release|x86.Build.0 = Release|Win32
	EndGlobalSection
	GlobalSection(SolutionProperties) = preSolution
		HideSolutionNode = FALSE
	EndGlobalSection
EndGlobal
