
Microsoft Visual Studio Solution File, Format Version 12.00
# Visual Studio 2015
Project("{FAE04EC0-301F-11D3-BF4B-00C04F79EFBC}") = "Droplet.CSharp", "Droplet.CSharp.csproj", "{2AD42051-36B3-E651-3E35-780E7C88ECBF}"
EndProject
Global
	GlobalSection(SolutionConfigurationPlatforms) = preSolution
		Debug|Any CPU = Debug|Any CPU
		Release|Any CPU = Release|Any CPU
	EndGlobalSection
	GlobalSection(ProjectConfigurationPlatforms) = postSolution
		{2AD42051-36B3-E651-3E35-780E7C88ECBF}.Debug|Any CPU.ActiveCfg = Debug|Any CPU
		{2AD42051-36B3-E651-3E35-780E7C88ECBF}.Debug|Any CPU.Build.0 = Debug|Any CPU
		{2AD42051-36B3-E651-3E35-780E7C88ECBF}.Release|Any CPU.ActiveCfg = Release|Any CPU
		{2AD42051-36B3-E651-3E35-780E7C88ECBF}.Release|Any CPU.Build.0 = Release|Any CPU
	EndGlobalSection
	GlobalSection(SolutionProperties) = preSolution
		HideSolutionNode = FALSE
	EndGlobalSection
EndGlobal
